
Microsoft Visual Studio Solution File, Format Version 12.00
# Visual Studio Version 16
VisualStudioVersion = 16.0.31729.503
MinimumVisualStudioVersion = 10.0.40219.1
Project("{FAE04EC0-301F-11D3-BF4B-00C04F79EFBC}") = "ConsoleLists", "ITEA_HW_Lists\ConsoleLists.csproj", "{C46D8003-05AB-4509-9F05-BDA9C449F5E1}"
EndProject
Project("{FAE04EC0-301F-11D3-BF4B-00C04F79EFBC}") = "LibraryLists", "LibraryLists\LibraryLists.csproj", "{11087DD5-6604-4A25-8997-73A2E800117C}"
EndProject
Project("{FAE04EC0-301F-11D3-BF4B-00C04F79EFBC}") = "ArrayListTests", "ArrayListTests\ArrayListTests.csproj", "{9301C391-D5FA-4FFF-9235-1B89787EBFED}"
EndProject
Global
	GlobalSection(SolutionConfigurationPlatforms) = preSolution
		Debug|Any CPU = Debug|Any CPU
		Release|Any CPU = Release|Any CPU
	EndGlobalSection
	GlobalSection(ProjectConfigurationPlatforms) = postSolution
		{C46D8003-05AB-4509-9F05-BDA9C449F5E1}.Debug|Any CPU.ActiveCfg = Debug|Any CPU
		{C46D8003-05AB-4509-9F05-BDA9C449F5E1}.Debug|Any CPU.Build.0 = Debug|Any CPU
		{C46D8003-05AB-4509-9F05-BDA9C449F5E1}.Release|Any CPU.ActiveCfg = Release|Any CPU
		{C46D8003-05AB-4509-9F05-BDA9C449F5E1}.Release|Any CPU.Build.0 = Release|Any CPU
		{11087DD5-6604-4A25-8997-73A2E800117C}.Debug|Any CPU.ActiveCfg = Debug|Any CPU
		{11087DD5-6604-4A25-8997-73A2E800117C}.Debug|Any CPU.Build.0 = Debug|Any CPU
		{11087DD5-6604-4A25-8997-73A2E800117C}.Release|Any CPU.ActiveCfg = Release|Any CPU
		{11087DD5-6604-4A25-8997-73A2E800117C}.Release|Any CPU.Build.0 = Release|Any CPU
		{9301C391-D5FA-4FFF-9235-1B89787EBFED}.Debug|Any CPU.ActiveCfg = Debug|Any CPU
		{9301C391-D5FA-4FFF-9235-1B89787EBFED}.Debug|Any CPU.Build.0 = Debug|Any CPU
		{9301C391-D5FA-4FFF-9235-1B89787EBFED}.Release|Any CPU.ActiveCfg = Release|Any CPU
		{9301C391-D5FA-4FFF-9235-1B89787EBFED}.Release|Any CPU.Build.0 = Release|Any CPU
	EndGlobalSection
	GlobalSection(SolutionProperties) = preSolution
		HideSolutionNode = FALSE
	EndGlobalSection
	GlobalSection(ExtensibilityGlobals) = postSolution
		SolutionGuid = {B07954C8-C064-48D7-B37C-24BD7F66BC9C}
	EndGlobalSection
EndGlobal
